
Microsoft Visual Studio Solution File, Format Version 12.00
# Visual Studio Version 17
VisualStudioVersion = 17.0.31903.59
MinimumVisualStudioVersion = 10.0.40219.1
Project("{F2A71F9B-5D33-465A-A702-920D77279786}") = "FileConventions", "src\FileConventions\FileConventions.fsproj", "{D3403A14-33F2-4C55-8D04-B69110331F12}"
EndProject
Project("{F2A71F9B-5D33-465A-A702-920D77279786}") = "FileConventions.Test", "src\FileConventions.Test\FileConventions.Test.fsproj", "{F2E69EF8-F0BA-491D-A944-A38D9F111468}"
EndProject
Global
	GlobalSection(SolutionConfigurationPlatforms) = preSolution
		Debug|Any CPU = Debug|Any CPU
		Release|Any CPU = Release|Any CPU
	EndGlobalSection
	GlobalSection(SolutionProperties) = preSolution
		HideSolutionNode = FALSE
	EndGlobalSection
	GlobalSection(ProjectConfigurationPlatforms) = postSolution
		{D3403A14-33F2-4C55-8D04-B69110331F12}.Debug|Any CPU.ActiveCfg = Debug|Any CPU
		{D3403A14-33F2-4C55-8D04-B69110331F12}.Debug|Any CPU.Build.0 = Debug|Any CPU
		{D3403A14-33F2-4C55-8D04-B69110331F12}.Release|Any CPU.ActiveCfg = Release|Any CPU
		{D3403A14-33F2-4C55-8D04-B69110331F12}.Release|Any CPU.Build.0 = Release|Any CPU
		{F2E69EF8-F0BA-491D-A944-A38D9F111468}.Debug|Any CPU.ActiveCfg = Debug|Any CPU
		{F2E69EF8-F0BA-491D-A944-A38D9F111468}.Debug|Any CPU.Build.0 = Debug|Any CPU
		{F2E69EF8-F0BA-491D-A944-A38D9F111468}.Release|Any CPU.ActiveCfg = Release|Any CPU
		{F2E69EF8-F0BA-491D-A944-A38D9F111468}.Release|Any CPU.Build.0 = Release|Any CPU
	EndGlobalSection
EndGlobal
